
Microsoft Visual Studio Solution File, Format Version 12.00
# Visual Studio Version 17
VisualStudioVersion = 17.13.35806.99
MinimumVisualStudioVersion = 10.0.40219.1
Project("{9A19103F-16F7-4668-BE54-9A1E7A4F7556}") = "TPF", "TPF\TPF.csproj", "{A67E23B9-E95A-449C-BE77-56498F4E37E3}"
EndProject
Project("{FAE04EC0-301F-11D3-BF4B-00C04F79EFBC}") = "TPF.Demo", "TPF.Demo\TPF.Demo.csproj", "{524A536F-48EE-48E4-8196-FDF726CAB53B}"
	ProjectSection(ProjectDependencies) = postProject
		{A67E23B9-E95A-449C-BE77-56498F4E37E3} = {A67E23B9-E95A-449C-BE77-56498F4E37E3}
	EndProjectSection
EndProject
Global
	GlobalSection(SolutionConfigurationPlatforms) = preSolution
		Debug|Any CPU = Debug|Any CPU
		Release|Any CPU = Release|Any CPU
	EndGlobalSection
	GlobalSection(ProjectConfigurationPlatforms) = postSolution
		{A67E23B9-E95A-449C-BE77-56498F4E37E3}.Debug|Any CPU.ActiveCfg = Debug|Any CPU
		{A67E23B9-E95A-449C-BE77-56498F4E37E3}.Debug|Any CPU.Build.0 = Debug|Any CPU
		{A67E23B9-E95A-449C-BE77-56498F4E37E3}.Release|Any CPU.ActiveCfg = Release|Any CPU
		{A67E23B9-E95A-449C-BE77-56498F4E37E3}.Release|Any CPU.Build.0 = Release|Any CPU
		{524A536F-48EE-48E4-8196-FDF726CAB53B}.Debug|Any CPU.ActiveCfg = Debug|Any CPU
		{524A536F-48EE-48E4-8196-FDF726CAB53B}.Debug|Any CPU.Build.0 = Debug|Any CPU
		{524A536F-48EE-48E4-8196-FDF726CAB53B}.Release|Any CPU.ActiveCfg = Release|Any CPU
		{524A536F-48EE-48E4-8196-FDF726CAB53B}.Release|Any CPU.Build.0 = Release|Any CPU
	EndGlobalSection
	GlobalSection(SolutionProperties) = preSolution
		HideSolutionNode = FALSE
	EndGlobalSection
	GlobalSection(ExtensibilityGlobals) = postSolution
		SolutionGuid = {943A5014-1C42-4725-8647-FF8C71D42437}
	EndGlobalSection
EndGlobal
